{
    "version": 3,
    "terraform_version": "0.11.8",
    "serial": 11,
    "lineage": "686eed0a-338d-987f-1728-1e3dd3ba9103",
    "modules": [
        {
            "path": [
                "root"
            ],
            "outputs": {},
            "resources": {
                "aws_iam_instance_profile.instance_profile": {
                    "type": "aws_iam_instance_profile",
                    "depends_on": [
                        "aws_iam_role.S3Fullaccess_role"
                    ],
                    "primary": {
                        "id": "instance_profile",
                        "attributes": {
                            "arn": "arn:aws:iam::944738964828:instance-profile/instance_profile",
                            "create_date": "2018-10-01T19:55:34Z",
                            "id": "instance_profile",
                            "name": "instance_profile",
                            "path": "/",
                            "role": "S3Fullaccess-ec2-tf",
                            "roles.#": "0",
                            "unique_id": "AIPAJMLSGSCSPMVQXY6II"
                        },
                        "meta": {},
                        "tainted": false
                    },
                    "deposed": [],
                    "provider": "provider.aws"
                },
                "aws_iam_role.S3Fullaccess_role": {
                    "type": "aws_iam_role",
                    "depends_on": [],
                    "primary": {
                        "id": "S3Fullaccess-ec2-tf",
                        "attributes": {
                            "arn": "arn:aws:iam::944738964828:role/S3Fullaccess-ec2-tf",
                            "assume_role_policy": "{\"Version\":\"2012-10-17\",\"Statement\":[{\"Sid\":\"\",\"Effect\":\"Allow\",\"Principal\":{\"Service\":\"ec2.amazonaws.com\"},\"Action\":\"sts:AssumeRole\"}]}",
                            "create_date": "2018-10-01T19:55:33Z",
                            "description": "",
                            "force_detach_policies": "false",
                            "id": "S3Fullaccess-ec2-tf",
                            "max_session_duration": "3600",
                            "name": "S3Fullaccess-ec2-tf",
                            "path": "/",
                            "unique_id": "AROAJP7MXR3V4I4KJ5COC"
                        },
                        "meta": {},
                        "tainted": false
                    },
                    "deposed": [],
                    "provider": "provider.aws"
                },
                "aws_iam_role_policy.role_policy": {
                    "type": "aws_iam_role_policy",
                    "depends_on": [
                        "aws_iam_role.S3Fullaccess_role"
                    ],
                    "primary": {
                        "id": "S3Fullaccess-ec2-tf:role_policy",
                        "attributes": {
                            "id": "S3Fullaccess-ec2-tf:role_policy",
                            "name": "role_policy",
                            "policy": "{\n  \"Version\": \"2012-10-17\",\n  \"Statement\": [\n    {\n      \"Action\": [\n        \"s3:*\"\n      ],\n      \"Effect\": \"Allow\",\n      \"Resource\": \"*\"\n    }\n  ]\n}\n",
                            "role": "S3Fullaccess-ec2-tf"
                        },
                        "meta": {},
                        "tainted": false
                    },
                    "deposed": [],
                    "provider": "provider.aws"
                },
                "aws_instance.WebServer.0": {
                    "type": "aws_instance",
                    "depends_on": [
                        "aws_iam_instance_profile.instance_profile"
                    ],
                    "primary": {
                        "id": "i-0b5789c2b3f53cc6f",
                        "attributes": {
                            "ami": "ami-0cf31d971a3ca20d6",
                            "arn": "arn:aws:ec2:us-east-2:944738964828:instance/i-0b5789c2b3f53cc6f",
                            "associate_public_ip_address": "true",
                            "availability_zone": "us-east-2a",
                            "cpu_core_count": "1",
                            "cpu_threads_per_core": "1",
                            "credit_specification.#": "1",
                            "credit_specification.0.cpu_credits": "standard",
                            "disable_api_termination": "false",
                            "ebs_block_device.#": "0",
                            "ebs_optimized": "false",
                            "ephemeral_block_device.#": "0",
                            "get_password_data": "false",
                            "iam_instance_profile": "instance_profile",
                            "id": "i-0b5789c2b3f53cc6f",
                            "instance_state": "running",
                            "instance_type": "t2.micro",
                            "ipv6_addresses.#": "0",
                            "key_name": "lpldevops_key",
                            "monitoring": "false",
                            "network_interface.#": "0",
                            "network_interface_id": "eni-0473876a9f6cea848",
                            "password_data": "",
                            "placement_group": "",
                            "primary_network_interface_id": "eni-0473876a9f6cea848",
                            "private_dns": "ip-172-31-12-162.us-east-2.compute.internal",
                            "private_ip": "172.31.12.162",
                            "public_dns": "ec2-18-222-48-60.us-east-2.compute.amazonaws.com",
                            "public_ip": "18.222.48.60",
                            "root_block_device.#": "1",
                            "root_block_device.0.delete_on_termination": "true",
                            "root_block_device.0.iops": "100",
                            "root_block_device.0.volume_id": "vol-0f62d562819dbbf62",
                            "root_block_device.0.volume_size": "8",
                            "root_block_device.0.volume_type": "gp2",
                            "security_groups.#": "1",
                            "security_groups.971729593": "devops_sg",
                            "source_dest_check": "true",
                            "subnet_id": "subnet-be6833d6",
                            "tags.%": "3",
                            "tags.Dept": "DevOpsteam ",
                            "tags.Implementer": "Devopsmember",
                            "tags.Name": "WebServer1",
                            "tenancy": "default",
                            "user_data": "b5fbff7c3dbc5b30ede00f4b1669622cb7825634",
                            "volume_tags.%": "0",
                            "vpc_security_group_ids.#": "1",
                            "vpc_security_group_ids.4266766164": "sg-0490df700a4772a43"
                        },
                        "meta": {
                            "e2bfb730-ecaa-11e6-8f88-34363bc7c4c0": {
                                "create": 600000000000,
                                "delete": 1200000000000,
                                "update": 600000000000
                            },
                            "schema_version": "1"
                        },
                        "tainted": false
                    },
                    "deposed": [],
                    "provider": "provider.aws"
                },
                "aws_instance.WebServer.1": {
                    "type": "aws_instance",
                    "depends_on": [
                        "aws_iam_instance_profile.instance_profile"
                    ],
                    "primary": {
                        "id": "i-02e1e362f4e75a1bf",
                        "attributes": {
                            "ami": "ami-0cf31d971a3ca20d6",
                            "arn": "arn:aws:ec2:us-east-2:944738964828:instance/i-02e1e362f4e75a1bf",
                            "associate_public_ip_address": "true",
                            "availability_zone": "us-east-2b",
                            "cpu_core_count": "1",
                            "cpu_threads_per_core": "1",
                            "credit_specification.#": "1",
                            "credit_specification.0.cpu_credits": "standard",
                            "disable_api_termination": "false",
                            "ebs_block_device.#": "0",
                            "ebs_optimized": "false",
                            "ephemeral_block_device.#": "0",
                            "get_password_data": "false",
                            "iam_instance_profile": "instance_profile",
                            "id": "i-02e1e362f4e75a1bf",
                            "instance_state": "running",
                            "instance_type": "t2.micro",
                            "ipv6_addresses.#": "0",
                            "key_name": "lpldevops_key",
                            "monitoring": "false",
                            "network_interface.#": "0",
                            "network_interface_id": "eni-02ab86bf0dcd008c3",
                            "password_data": "",
                            "placement_group": "",
                            "primary_network_interface_id": "eni-02ab86bf0dcd008c3",
                            "private_dns": "ip-172-31-22-179.us-east-2.compute.internal",
                            "private_ip": "172.31.22.179",
                            "public_dns": "ec2-18-188-50-201.us-east-2.compute.amazonaws.com",
                            "public_ip": "18.188.50.201",
                            "root_block_device.#": "1",
                            "root_block_device.0.delete_on_termination": "true",
                            "root_block_device.0.iops": "100",
                            "root_block_device.0.volume_id": "vol-0e3b0080807c2466f",
                            "root_block_device.0.volume_size": "8",
                            "root_block_device.0.volume_type": "gp2",
                            "security_groups.#": "1",
                            "security_groups.971729593": "devops_sg",
                            "source_dest_check": "true",
                            "subnet_id": "subnet-624bda18",
                            "tags.%": "3",
                            "tags.Dept": "DevOpsteam ",
                            "tags.Implementer": "Devopsmember",
                            "tags.Name": "WebServer2",
                            "tenancy": "default",
                            "user_data": "bb06c7b2ab698258b88acef436e5bdc0be5c4d58",
                            "volume_tags.%": "0",
                            "vpc_security_group_ids.#": "1",
                            "vpc_security_group_ids.4266766164": "sg-0490df700a4772a43"
                        },
                        "meta": {
                            "e2bfb730-ecaa-11e6-8f88-34363bc7c4c0": {
                                "create": 600000000000,
                                "delete": 1200000000000,
                                "update": 600000000000
                            },
                            "schema_version": "1"
                        },
                        "tainted": false
                    },
                    "deposed": [],
                    "provider": "provider.aws"
                },
                "aws_instance.WebServer.2": {
                    "type": "aws_instance",
                    "depends_on": [
                        "aws_iam_instance_profile.instance_profile"
                    ],
                    "primary": {
                        "id": "i-0b540ec6d4c3c0a04",
                        "attributes": {
                            "ami": "ami-0cf31d971a3ca20d6",
                            "arn": "arn:aws:ec2:us-east-2:944738964828:instance/i-0b540ec6d4c3c0a04",
                            "associate_public_ip_address": "true",
                            "availability_zone": "us-east-2c",
                            "cpu_core_count": "1",
                            "cpu_threads_per_core": "1",
                            "credit_specification.#": "1",
                            "credit_specification.0.cpu_credits": "standard",
                            "disable_api_termination": "false",
                            "ebs_block_device.#": "0",
                            "ebs_optimized": "false",
                            "ephemeral_block_device.#": "0",
                            "get_password_data": "false",
                            "iam_instance_profile": "instance_profile",
                            "id": "i-0b540ec6d4c3c0a04",
                            "instance_state": "running",
                            "instance_type": "t2.micro",
                            "ipv6_addresses.#": "0",
                            "key_name": "lpldevops_key",
                            "monitoring": "false",
                            "network_interface.#": "0",
                            "network_interface_id": "eni-037da8639f26bc2b8",
                            "password_data": "",
                            "placement_group": "",
                            "primary_network_interface_id": "eni-037da8639f26bc2b8",
                            "private_dns": "ip-172-31-35-238.us-east-2.compute.internal",
                            "private_ip": "172.31.35.238",
                            "public_dns": "ec2-18-222-43-122.us-east-2.compute.amazonaws.com",
                            "public_ip": "18.222.43.122",
                            "root_block_device.#": "1",
                            "root_block_device.0.delete_on_termination": "true",
                            "root_block_device.0.iops": "100",
                            "root_block_device.0.volume_id": "vol-02a8c7800bf1bbab0",
                            "root_block_device.0.volume_size": "8",
                            "root_block_device.0.volume_type": "gp2",
                            "security_groups.#": "1",
                            "security_groups.971729593": "devops_sg",
                            "source_dest_check": "true",
                            "subnet_id": "subnet-c8a65e84",
                            "tags.%": "3",
                            "tags.Dept": "DevOpsteam ",
                            "tags.Implementer": "Devopsmember",
                            "tags.Name": "WebServer3",
                            "tenancy": "default",
                            "user_data": "d869ee24865252dbfab31499c71f9846956597c0",
                            "volume_tags.%": "0",
                            "vpc_security_group_ids.#": "1",
                            "vpc_security_group_ids.4266766164": "sg-0490df700a4772a43"
                        },
                        "meta": {
                            "e2bfb730-ecaa-11e6-8f88-34363bc7c4c0": {
                                "create": 600000000000,
                                "delete": 1200000000000,
                                "update": 600000000000
                            },
                            "schema_version": "1"
                        },
                        "tainted": false
                    },
                    "deposed": [],
                    "provider": "provider.aws"
                },
                "aws_instance.WebServer.3": {
                    "type": "aws_instance",
                    "depends_on": [
                        "aws_iam_instance_profile.instance_profile"
                    ],
                    "primary": {
                        "id": "i-029d64893325d2b17",
                        "attributes": {
                            "ami": "ami-0cf31d971a3ca20d6",
                            "arn": "arn:aws:ec2:us-east-2:944738964828:instance/i-029d64893325d2b17",
                            "associate_public_ip_address": "true",
                            "availability_zone": "us-east-2a",
                            "cpu_core_count": "1",
                            "cpu_threads_per_core": "1",
                            "credit_specification.#": "1",
                            "credit_specification.0.cpu_credits": "standard",
                            "disable_api_termination": "false",
                            "ebs_block_device.#": "0",
                            "ebs_optimized": "false",
                            "ephemeral_block_device.#": "0",
                            "get_password_data": "false",
                            "iam_instance_profile": "instance_profile",
                            "id": "i-029d64893325d2b17",
                            "instance_state": "running",
                            "instance_type": "t2.micro",
                            "ipv6_addresses.#": "0",
                            "key_name": "lpldevops_key",
                            "monitoring": "false",
                            "network_interface.#": "0",
                            "network_interface_id": "eni-0b42f71042688b8c1",
                            "password_data": "",
                            "placement_group": "",
                            "primary_network_interface_id": "eni-0b42f71042688b8c1",
                            "private_dns": "ip-172-31-2-46.us-east-2.compute.internal",
                            "private_ip": "172.31.2.46",
                            "public_dns": "ec2-18-217-131-210.us-east-2.compute.amazonaws.com",
                            "public_ip": "18.217.131.210",
                            "root_block_device.#": "1",
                            "root_block_device.0.delete_on_termination": "true",
                            "root_block_device.0.iops": "100",
                            "root_block_device.0.volume_id": "vol-086eea35e878ed78e",
                            "root_block_device.0.volume_size": "8",
                            "root_block_device.0.volume_type": "gp2",
                            "security_groups.#": "1",
                            "security_groups.971729593": "devops_sg",
                            "source_dest_check": "true",
                            "subnet_id": "subnet-be6833d6",
                            "tags.%": "3",
                            "tags.Dept": "DevOpsteam ",
                            "tags.Implementer": "Devopsmember",
                            "tags.Name": "WebServer4",
                            "tenancy": "default",
                            "user_data": "cf197ecee85d95207eed56d4f84b5266cf455f9a",
                            "volume_tags.%": "0",
                            "vpc_security_group_ids.#": "1",
                            "vpc_security_group_ids.4266766164": "sg-0490df700a4772a43"
                        },
                        "meta": {
                            "e2bfb730-ecaa-11e6-8f88-34363bc7c4c0": {
                                "create": 600000000000,
                                "delete": 1200000000000,
                                "update": 600000000000
                            },
                            "schema_version": "1"
                        },
                        "tainted": false
                    },
                    "deposed": [],
                    "provider": "provider.aws"
                },
                "aws_instance.WebServer.4": {
                    "type": "aws_instance",
                    "depends_on": [
                        "aws_iam_instance_profile.instance_profile"
                    ],
                    "primary": {
                        "id": "i-0ca33f473cf508921",
                        "attributes": {
                            "ami": "ami-0cf31d971a3ca20d6",
                            "arn": "arn:aws:ec2:us-east-2:944738964828:instance/i-0ca33f473cf508921",
                            "associate_public_ip_address": "true",
                            "availability_zone": "us-east-2b",
                            "cpu_core_count": "1",
                            "cpu_threads_per_core": "1",
                            "credit_specification.#": "1",
                            "credit_specification.0.cpu_credits": "standard",
                            "disable_api_termination": "false",
                            "ebs_block_device.#": "0",
                            "ebs_optimized": "false",
                            "ephemeral_block_device.#": "0",
                            "get_password_data": "false",
                            "iam_instance_profile": "instance_profile",
                            "id": "i-0ca33f473cf508921",
                            "instance_state": "running",
                            "instance_type": "t2.micro",
                            "ipv6_addresses.#": "0",
                            "key_name": "lpldevops_key",
                            "monitoring": "false",
                            "network_interface.#": "0",
                            "network_interface_id": "eni-0af70dc4ebf1b4972",
                            "password_data": "",
                            "placement_group": "",
                            "primary_network_interface_id": "eni-0af70dc4ebf1b4972",
                            "private_dns": "ip-172-31-27-142.us-east-2.compute.internal",
                            "private_ip": "172.31.27.142",
                            "public_dns": "ec2-18-223-186-52.us-east-2.compute.amazonaws.com",
                            "public_ip": "18.223.186.52",
                            "root_block_device.#": "1",
                            "root_block_device.0.delete_on_termination": "true",
                            "root_block_device.0.iops": "100",
                            "root_block_device.0.volume_id": "vol-0f13ef6036ce1c942",
                            "root_block_device.0.volume_size": "8",
                            "root_block_device.0.volume_type": "gp2",
                            "security_groups.#": "1",
                            "security_groups.971729593": "devops_sg",
                            "source_dest_check": "true",
                            "subnet_id": "subnet-624bda18",
                            "tags.%": "3",
                            "tags.Dept": "DevOpsteam ",
                            "tags.Implementer": "Devopsmember",
                            "tags.Name": "WebServer5",
                            "tenancy": "default",
                            "user_data": "cd1e81b6bae96224357f5318f181830c1ba895d2",
                            "volume_tags.%": "0",
                            "vpc_security_group_ids.#": "1",
                            "vpc_security_group_ids.4266766164": "sg-0490df700a4772a43"
                        },
                        "meta": {
                            "e2bfb730-ecaa-11e6-8f88-34363bc7c4c0": {
                                "create": 600000000000,
                                "delete": 1200000000000,
                                "update": 600000000000
                            },
                            "schema_version": "1"
                        },
                        "tainted": false
                    },
                    "deposed": [],
                    "provider": "provider.aws"
                },
                "aws_instance.WebServer.5": {
                    "type": "aws_instance",
                    "depends_on": [
                        "aws_iam_instance_profile.instance_profile"
                    ],
                    "primary": {
                        "id": "i-0c9e1c9f96e55e792",
                        "attributes": {
                            "ami": "ami-0cf31d971a3ca20d6",
                            "arn": "arn:aws:ec2:us-east-2:944738964828:instance/i-0c9e1c9f96e55e792",
                            "associate_public_ip_address": "true",
                            "availability_zone": "us-east-2c",
                            "cpu_core_count": "1",
                            "cpu_threads_per_core": "1",
                            "credit_specification.#": "1",
                            "credit_specification.0.cpu_credits": "standard",
                            "disable_api_termination": "false",
                            "ebs_block_device.#": "0",
                            "ebs_optimized": "false",
                            "ephemeral_block_device.#": "0",
                            "get_password_data": "false",
                            "iam_instance_profile": "instance_profile",
                            "id": "i-0c9e1c9f96e55e792",
                            "instance_state": "running",
                            "instance_type": "t2.micro",
                            "ipv6_addresses.#": "0",
                            "key_name": "lpldevops_key",
                            "monitoring": "false",
                            "network_interface.#": "0",
                            "network_interface_id": "eni-09b42bc8dbbf8892c",
                            "password_data": "",
                            "placement_group": "",
                            "primary_network_interface_id": "eni-09b42bc8dbbf8892c",
                            "private_dns": "ip-172-31-47-26.us-east-2.compute.internal",
                            "private_ip": "172.31.47.26",
                            "public_dns": "ec2-18-217-32-174.us-east-2.compute.amazonaws.com",
                            "public_ip": "18.217.32.174",
                            "root_block_device.#": "1",
                            "root_block_device.0.delete_on_termination": "true",
                            "root_block_device.0.iops": "100",
                            "root_block_device.0.volume_id": "vol-0f7a03fbed98e0d9f",
                            "root_block_device.0.volume_size": "8",
                            "root_block_device.0.volume_type": "gp2",
                            "security_groups.#": "1",
                            "security_groups.971729593": "devops_sg",
                            "source_dest_check": "true",
                            "subnet_id": "subnet-c8a65e84",
                            "tags.%": "3",
                            "tags.Dept": "DevOpsteam ",
                            "tags.Implementer": "Devopsmember",
                            "tags.Name": "WebServer6",
                            "tenancy": "default",
                            "user_data": "aa1bcd81a1350451ae07bdb817adb280612a5dde",
                            "volume_tags.%": "0",
                            "vpc_security_group_ids.#": "1",
                            "vpc_security_group_ids.4266766164": "sg-0490df700a4772a43"
                        },
                        "meta": {
                            "e2bfb730-ecaa-11e6-8f88-34363bc7c4c0": {
                                "create": 600000000000,
                                "delete": 1200000000000,
                                "update": 600000000000
                            },
                            "schema_version": "1"
                        },
                        "tainted": false
                    },
                    "deposed": [],
                    "provider": "provider.aws"
                }
            },
            "depends_on": []
        }
    ]
}
